
Microsoft Visual Studio Solution File, Format Version 12.00
# Visual Studio Version 16
VisualStudioVersion = 16.0.32802.440
MinimumVisualStudioVersion = 10.0.40219.1
Project("{FAE04EC0-301F-11D3-BF4B-00C04F79EFBC}") = "ListViewXamarin.UWP", "ListViewXamarin\ListViewXamarin.UWP\ListViewXamarin.UWP.csproj", "{2C0182E3-EDD3-4806-A156-7BDF99C56648}"
EndProject
Project("{FAE04EC0-301F-11D3-BF4B-00C04F79EFBC}") = "ListViewXamarin.Android", "ListViewXamarin\ListViewXamarin.Android\ListViewXamarin.Android.csproj", "{A8EE6C82-3CD3-4FDA-86DE-1F635B117DB2}"
EndProject
Project("{FAE04EC0-301F-11D3-BF4B-00C04F79EFBC}") = "ListViewXamarin.iOS", "ListViewXamarin\ListViewXamarin.iOS\ListViewXamarin.iOS.csproj", "{F6688B24-9811-4064-9F08-8C9C9514EEBF}"
EndProject
Project("{FAE04EC0-301F-11D3-BF4B-00C04F79EFBC}") = "ListViewXamarin", "ListViewXamarin\ListViewXamarin\ListViewXamarin.csproj", "{0411F4E2-90EF-46DC-BC77-7C944E441292}"
EndProject
Global
	GlobalSection(SolutionConfigurationPlatforms) = preSolution
		Debug|Any CPU = Debug|Any CPU
		Debug|ARM = Debug|ARM
		Debug|iPhone = Debug|iPhone
		Debug|iPhoneSimulator = Debug|iPhoneSimulator
		Debug|x64 = Debug|x64
		Debug|x86 = Debug|x86
		Release|Any CPU = Release|Any CPU
		Release|ARM = Release|ARM
		Release|iPhone = Release|iPhone
		Release|iPhoneSimulator = Release|iPhoneSimulator
		Release|x64 = Release|x64
		Release|x86 = Release|x86
	EndGlobalSection
	GlobalSection(ProjectConfigurationPlatforms) = postSolution
		{2C0182E3-EDD3-4806-A156-7BDF99C56648}.Debug|Any CPU.ActiveCfg = Debug|x86
		{2C0182E3-EDD3-4806-A156-7BDF99C56648}.Debug|Any CPU.Build.0 = Debug|x86
		{2C0182E3-EDD3-4806-A156-7BDF99C56648}.Debug|Any CPU.Deploy.0 = Debug|x86
		{2C0182E3-EDD3-4806-A156-7BDF99C56648}.Debug|ARM.ActiveCfg = Debug|ARM
		{2C0182E3-EDD3-4806-A156-7BDF99C56648}.Debug|ARM.Build.0 = Debug|ARM
		{2C0182E3-EDD3-4806-A156-7BDF99C56648}.Debug|ARM.Deploy.0 = Debug|ARM
		{2C0182E3-EDD3-4806-A156-7BDF99C56648}.Debug|iPhone.ActiveCfg = Debug|x86
		{2C0182E3-EDD3-4806-A156-7BDF99C56648}.Debug|iPhone.Build.0 = Debug|x86
		{2C0182E3-EDD3-4806-A156-7BDF99C56648}.Debug|iPhone.Deploy.0 = Debug|x86
		{2C0182E3-EDD3-4806-A156-7BDF99C56648}.Debug|iPhoneSimulator.ActiveCfg = Debug|x86
		{2C0182E3-EDD3-4806-A156-7BDF99C56648}.Debug|iPhoneSimulator.Build.0 = Debug|x86
		{2C0182E3-EDD3-4806-A156-7BDF99C56648}.Debug|iPhoneSimulator.Deploy.0 = Debug|x86
		{2C0182E3-EDD3-4806-A156-7BDF99C56648}.Debug|x64.ActiveCfg = Debug|x64
		{2C0182E3-EDD3-4806-A156-7BDF99C56648}.Debug|x64.Build.0 = Debug|x64
		{2C0182E3-EDD3-4806-A156-7BDF99C56648}.Debug|x64.Deploy.0 = Debug|x64
		{2C0182E3-EDD3-4806-A156-7BDF99C56648}.Debug|x86.ActiveCfg = Debug|x86
		{2C0182E3-EDD3-4806-A156-7BDF99C56648}.Debug|x86.Build.0 = Debug|x86
		{2C0182E3-EDD3-4806-A156-7BDF99C56648}.Debug|x86.Deploy.0 = Debug|x86
		{2C0182E3-EDD3-4806-A156-7BDF99C56648}.Release|Any CPU.ActiveCfg = Release|x86
		{2C0182E3-EDD3-4806-A156-7BDF99C56648}.Release|Any CPU.Build.0 = Release|x86
		{2C0182E3-EDD3-4806-A156-7BDF99C56648}.Release|Any CPU.Deploy.0 = Release|x86
		{2C0182E3-EDD3-4806-A156-7BDF99C56648}.Release|ARM.ActiveCfg = Release|ARM
		{2C0182E3-EDD3-4806-A156-7BDF99C56648}.Release|ARM.Build.0 = Release|ARM
		{2C0182E3-EDD3-4806-A156-7BDF99C56648}.Release|ARM.Deploy.0 = Release|ARM
		{2C0182E3-EDD3-4806-A156-7BDF99C56648}.Release|iPhone.ActiveCfg = Release|x86
		{2C0182E3-EDD3-4806-A156-7BDF99C56648}.Release|iPhone.Build.0 = Release|x86
		{2C0182E3-EDD3-4806-A156-7BDF99C56648}.Release|iPhone.Deploy.0 = Release|x86
		{2C0182E3-EDD3-4806-A156-7BDF99C56648}.Release|iPhoneSimulator.ActiveCfg = Release|x86
		{2C0182E3-EDD3-4806-A156-7BDF99C56648}.Release|iPhoneSimulator.Build.0 = Release|x86
		{2C0182E3-EDD3-4806-A156-7BDF99C56648}.Release|iPhoneSimulator.Deploy.0 = Release|x86
		{2C0182E3-EDD3-4806-A156-7BDF99C56648}.Release|x64.ActiveCfg = Release|x64
		{2C0182E3-EDD3-4806-A156-7BDF99C56648}.Release|x64.Build.0 = Release|x64
		{2C0182E3-EDD3-4806-A156-7BDF99C56648}.Release|x64.Deploy.0 = Release|x64
		{2C0182E3-EDD3-4806-A156-7BDF99C56648}.Release|x86.ActiveCfg = Release|x86
		{2C0182E3-EDD3-4806-A156-7BDF99C56648}.Release|x86.Build.0 = Release|x86
		{2C0182E3-EDD3-4806-A156-7BDF99C56648}.Release|x86.Deploy.0 = Release|x86
		{A8EE6C82-3CD3-4FDA-86DE-1F635B117DB2}.Debug|Any CPU.ActiveCfg = Debug|Any CPU
		{A8EE6C82-3CD3-4FDA-86DE-1F635B117DB2}.Debug|Any CPU.Build.0 = Debug|Any CPU
		{A8EE6C82-3CD3-4FDA-86DE-1F635B117DB2}.Debug|Any CPU.Deploy.0 = Debug|Any CPU
		{A8EE6C82-3CD3-4FDA-86DE-1F635B117DB2}.Debug|ARM.ActiveCfg = Debug|Any CPU
		{A8EE6C82-3CD3-4FDA-86DE-1F635B117DB2}.Debug|ARM.Build.0 = Debug|Any CPU
		{A8EE6C82-3CD3-4FDA-86DE-1F635B117DB2}.Debug|ARM.Deploy.0 = Debug|Any CPU
		{A8EE6C82-3CD3-4FDA-86DE-1F635B117DB2}.Debug|iPhone.ActiveCfg = Debug|Any CPU
		{A8EE6C82-3CD3-4FDA-86DE-1F635B117DB2}.Debug|iPhone.Build.0 = Debug|Any CPU
		{A8EE6C82-3CD3-4FDA-86DE-1F635B117DB2}.Debug|iPhone.Deploy.0 = Debug|Any CPU
		{A8EE6C82-3CD3-4FDA-86DE-1F635B117DB2}.Debug|iPhoneSimulator.ActiveCfg = Debug|Any CPU
		{A8EE6C82-3CD3-4FDA-86DE-1F635B117DB2}.Debug|iPhoneSimulator.Build.0 = Debug|Any CPU
		{A8EE6C82-3CD3-4FDA-86DE-1F635B117DB2}.Debug|iPhoneSimulator.Deploy.0 = Debug|Any CPU
		{A8EE6C82-3CD3-4FDA-86DE-1F635B117DB2}.Debug|x64.ActiveCfg = Debug|Any CPU
		{A8EE6C82-3CD3-4FDA-86DE-1F635B117DB2}.Debug|x64.Build.0 = Debug|Any CPU
		{A8EE6C82-3CD3-4FDA-86DE-1F635B117DB2}.Debug|x64.Deploy.0 = Debug|Any CPU
		{A8EE6C82-3CD3-4FDA-86DE-1F635B117DB2}.Debug|x86.ActiveCfg = Debug|Any CPU
		{A8EE6C82-3CD3-4FDA-86DE-1F635B117DB2}.Debug|x86.Build.0 = Debug|Any CPU
		{A8EE6C82-3CD3-4FDA-86DE-1F635B117DB2}.Debug|x86.Deploy.0 = Debug|Any CPU
		{A8EE6C82-3CD3-4FDA-86DE-1F635B117DB2}.Release|Any CPU.ActiveCfg = Release|Any CPU
		{A8EE6C82-3CD3-4FDA-86DE-1F635B117DB2}.Release|Any CPU.Build.0 = Release|Any CPU
		{A8EE6C82-3CD3-4FDA-86DE-1F635B117DB2}.Release|Any CPU.Deploy.0 = Release|Any CPU
		{A8EE6C82-3CD3-4FDA-86DE-1F635B117DB2}.Release|ARM.ActiveCfg = Release|Any CPU
		{A8EE6C82-3CD3-4FDA-86DE-1F635B117DB2}.Release|ARM.Build.0 = Release|Any CPU
		{A8EE6C82-3CD3-4FDA-86DE-1F635B117DB2}.Release|ARM.Deploy.0 = Release|Any CPU
		{A8EE6C82-3CD3-4FDA-86DE-1F635B117DB2}.Release|iPhone.ActiveCfg = Release|Any CPU
		{A8EE6C82-3CD3-4FDA-86DE-1F635B117DB2}.Release|iPhone.Build.0 = Release|Any CPU
		{A8EE6C82-3CD3-4FDA-86DE-1F635B117DB2}.Release|iPhone.Deploy.0 = Release|Any CPU
		{A8EE6C82-3CD3-4FDA-86DE-1F635B117DB2}.Release|iPhoneSimulator.ActiveCfg = Release|Any CPU
		{A8EE6C82-3CD3-4FDA-86DE-1F635B117DB2}.Release|iPhoneSimulator.Build.0 = Release|Any CPU
		{A8EE6C82-3CD3-4FDA-86DE-1F635B117DB2}.Release|iPhoneSimulator.Deploy.0 = Release|Any CPU
		{A8EE6C82-3CD3-4FDA-86DE-1F635B117DB2}.Release|x64.ActiveCfg = Release|Any CPU
		{A8EE6C82-3CD3-4FDA-86DE-1F635B117DB2}.Release|x64.Build.0 = Release|Any CPU
		{A8EE6C82-3CD3-4FDA-86DE-1F635B117DB2}.Release|x64.Deploy.0 = Release|Any CPU
		{A8EE6C82-3CD3-4FDA-86DE-1F635B117DB2}.Release|x86.ActiveCfg = Release|Any CPU
		{A8EE6C82-3CD3-4FDA-86DE-1F635B117DB2}.Release|x86.Build.0 = Release|Any CPU
		{A8EE6C82-3CD3-4FDA-86DE-1F635B117DB2}.Release|x86.Deploy.0 = Release|Any CPU
		{F6688B24-9811-4064-9F08-8C9C9514EEBF}.Debug|Any CPU.ActiveCfg = Debug|iPhoneSimulator
		{F6688B24-9811-4064-9F08-8C9C9514EEBF}.Debug|Any CPU.Build.0 = Debug|iPhoneSimulator
		{F6688B24-9811-4064-9F08-8C9C9514EEBF}.Debug|Any CPU.Deploy.0 = Debug|iPhoneSimulator
		{F6688B24-9811-4064-9F08-8C9C9514EEBF}.Debug|ARM.ActiveCfg = Debug|iPhone
		{F6688B24-9811-4064-9F08-8C9C9514EEBF}.Debug|ARM.Build.0 = Debug|iPhone
		{F6688B24-9811-4064-9F08-8C9C9514EEBF}.Debug|ARM.Deploy.0 = Debug|iPhone
		{F6688B24-9811-4064-9F08-8C9C9514EEBF}.Debug|iPhone.ActiveCfg = Debug|iPhone
		{F6688B24-9811-4064-9F08-8C9C9514EEBF}.Debug|iPhone.Build.0 = Debug|iPhone
		{F6688B24-9811-4064-9F08-8C9C9514EEBF}.Debug|iPhone.Deploy.0 = Debug|iPhone
		{F6688B24-9811-4064-9F08-8C9C9514EEBF}.Debug|iPhoneSimulator.ActiveCfg = Debug|iPhoneSimulator
		{F6688B24-9811-4064-9F08-8C9C9514EEBF}.Debug|iPhoneSimulator.Build.0 = Debug|iPhoneSimulator
		{F6688B24-9811-4064-9F08-8C9C9514EEBF}.Debug|iPhoneSimulator.Deploy.0 = Debug|iPhoneSimulator
		{F6688B24-9811-4064-9F08-8C9C9514EEBF}.Debug|x64.ActiveCfg = Debug|iPhoneSimulator
		{F6688B24-9811-4064-9F08-8C9C9514EEBF}.Debug|x64.Build.0 = Debug|iPhoneSimulator
		{F6688B24-9811-4064-9F08-8C9C9514EEBF}.Debug|x64.Deploy.0 = Debug|iPhoneSimulator
		{F6688B24-9811-4064-9F08-8C9C9514EEBF}.Debug|x86.ActiveCfg = Debug|iPhoneSimulator
		{F6688B24-9811-4064-9F08-8C9C9514EEBF}.Debug|x86.Build.0 = Debug|iPhoneSimulator
		{F6688B24-9811-4064-9F08-8C9C9514EEBF}.Debug|x86.Deploy.0 = Debug|iPhoneSimulator
		{F6688B24-9811-4064-9F08-8C9C9514EEBF}.Release|Any CPU.ActiveCfg = Release|iPhoneSimulator
		{F6688B24-9811-4064-9F08-8C9C9514EEBF}.Release|Any CPU.Build.0 = Release|iPhoneSimulator
		{F6688B24-9811-4064-9F08-8C9C9514EEBF}.Release|Any CPU.Deploy.0 = Release|iPhoneSimulator
		{F6688B24-9811-4064-9F08-8C9C9514EEBF}.Release|ARM.ActiveCfg = Release|iPhoneSimulator
		{F6688B24-9811-4064-9F08-8C9C9514EEBF}.Release|ARM.Build.0 = Release|iPhoneSimulator
		{F6688B24-9811-4064-9F08-8C9C9514EEBF}.Release|ARM.Deploy.0 = Release|iPhoneSimulator
		{F6688B24-9811-4064-9F08-8C9C9514EEBF}.Release|iPhone.ActiveCfg = Release|iPhone
		{F6688B24-9811-4064-9F08-8C9C9514EEBF}.Release|iPhone.Build.0 = Release|iPhone
		{F6688B24-9811-4064-9F08-8C9C9514EEBF}.Release|iPhone.Deploy.0 = Release|iPhone
		{F6688B24-9811-4064-9F08-8C9C9514EEBF}.Release|iPhoneSimulator.ActiveCfg = Release|iPhoneSimulator
		{F6688B24-9811-4064-9F08-8C9C9514EEBF}.Release|iPhoneSimulator.Build.0 = Release|iPhoneSimulator
		{F6688B24-9811-4064-9F08-8C9C9514EEBF}.Release|iPhoneSimulator.Deploy.0 = Release|iPhoneSimulator
		{F6688B24-9811-4064-9F08-8C9C9514EEBF}.Release|x64.ActiveCfg = Release|iPhoneSimulator
		{F6688B24-9811-4064-9F08-8C9C9514EEBF}.Release|x64.Build.0 = Release|iPhoneSimulator
		{F6688B24-9811-4064-9F08-8C9C9514EEBF}.Release|x64.Deploy.0 = Release|iPhoneSimulator
		{F6688B24-9811-4064-9F08-8C9C9514EEBF}.Release|x86.ActiveCfg = Release|iPhoneSimulator
		{F6688B24-9811-4064-9F08-8C9C9514EEBF}.Release|x86.Build.0 = Release|iPhoneSimulator
		{F6688B24-9811-4064-9F08-8C9C9514EEBF}.Release|x86.Deploy.0 = Release|iPhoneSimulator
		{0411F4E2-90EF-46DC-BC77-7C944E441292}.Debug|Any CPU.ActiveCfg = Debug|Any CPU
		{0411F4E2-90EF-46DC-BC77-7C944E441292}.Debug|Any CPU.Build.0 = Debug|Any CPU
		{0411F4E2-90EF-46DC-BC77-7C944E441292}.Debug|Any CPU.Deploy.0 = Debug|Any CPU
		{0411F4E2-90EF-46DC-BC77-7C944E441292}.Debug|ARM.ActiveCfg = Debug|Any CPU
		{0411F4E2-90EF-46DC-BC77-7C944E441292}.Debug|ARM.Build.0 = Debug|Any CPU
		{0411F4E2-90EF-46DC-BC77-7C944E441292}.Debug|ARM.Deploy.0 = Debug|Any CPU
		{0411F4E2-90EF-46DC-BC77-7C944E441292}.Debug|iPhone.ActiveCfg = Debug|Any CPU
		{0411F4E2-90EF-46DC-BC77-7C944E441292}.Debug|iPhone.Build.0 = Debug|Any CPU
		{0411F4E2-90EF-46DC-BC77-7C944E441292}.Debug|iPhone.Deploy.0 = Debug|Any CPU
		{0411F4E2-90EF-46DC-BC77-7C944E441292}.Debug|iPhoneSimulator.ActiveCfg = Debug|Any CPU
		{0411F4E2-90EF-46DC-BC77-7C944E441292}.Debug|iPhoneSimulator.Build.0 = Debug|Any CPU
		{0411F4E2-90EF-46DC-BC77-7C944E441292}.Debug|iPhoneSimulator.Deploy.0 = Debug|Any CPU
		{0411F4E2-90EF-46DC-BC77-7C944E441292}.Debug|x64.ActiveCfg = Debug|Any CPU
		{0411F4E2-90EF-46DC-BC77-7C944E441292}.Debug|x64.Build.0 = Debug|Any CPU
		{0411F4E2-90EF-46DC-BC77-7C944E441292}.Debug|x64.Deploy.0 = Debug|Any CPU
		{0411F4E2-90EF-46DC-BC77-7C944E441292}.Debug|x86.ActiveCfg = Debug|Any CPU
		{0411F4E2-90EF-46DC-BC77-7C944E441292}.Debug|x86.Build.0 = Debug|Any CPU
		{0411F4E2-90EF-46DC-BC77-7C944E441292}.Debug|x86.Deploy.0 = Debug|Any CPU
		{0411F4E2-90EF-46DC-BC77-7C944E441292}.Release|Any CPU.ActiveCfg = Release|Any CPU
		{0411F4E2-90EF-46DC-BC77-7C944E441292}.Release|Any CPU.Build.0 = Release|Any CPU
		{0411F4E2-90EF-46DC-BC77-7C944E441292}.Release|Any CPU.Deploy.0 = Release|Any CPU
		{0411F4E2-90EF-46DC-BC77-7C944E441292}.Release|ARM.ActiveCfg = Release|Any CPU
		{0411F4E2-90EF-46DC-BC77-7C944E441292}.Release|ARM.Build.0 = Release|Any CPU
		{0411F4E2-90EF-46DC-BC77-7C944E441292}.Release|ARM.Deploy.0 = Release|Any CPU
		{0411F4E2-90EF-46DC-BC77-7C944E441292}.Release|iPhone.ActiveCfg = Release|Any CPU
		{0411F4E2-90EF-46DC-BC77-7C944E441292}.Release|iPhone.Build.0 = Release|Any CPU
		{0411F4E2-90EF-46DC-BC77-7C944E441292}.Release|iPhone.Deploy.0 = Release|Any CPU
		{0411F4E2-90EF-46DC-BC77-7C944E441292}.Release|iPhoneSimulator.ActiveCfg = Release|Any CPU
		{0411F4E2-90EF-46DC-BC77-7C944E441292}.Release|iPhoneSimulator.Build.0 = Release|Any CPU
		{0411F4E2-90EF-46DC-BC77-7C944E441292}.Release|iPhoneSimulator.Deploy.0 = Release|Any CPU
		{0411F4E2-90EF-46DC-BC77-7C944E441292}.Release|x64.ActiveCfg = Release|Any CPU
		{0411F4E2-90EF-46DC-BC77-7C944E441292}.Release|x64.Build.0 = Release|Any CPU
		{0411F4E2-90EF-46DC-BC77-7C944E441292}.Release|x64.Deploy.0 = Release|Any CPU
		{0411F4E2-90EF-46DC-BC77-7C944E441292}.Release|x86.ActiveCfg = Release|Any CPU
		{0411F4E2-90EF-46DC-BC77-7C944E441292}.Release|x86.Build.0 = Release|Any CPU
		{0411F4E2-90EF-46DC-BC77-7C944E441292}.Release|x86.Deploy.0 = Release|Any CPU
	EndGlobalSection
	GlobalSection(SolutionProperties) = preSolution
		HideSolutionNode = FALSE
	EndGlobalSection
	GlobalSection(ExtensibilityGlobals) = postSolution
		SolutionGuid = {DE270313-19C8-4A8B-99CB-98AA04A51CCF}
	EndGlobalSection
EndGlobal
